
Microsoft Visual Studio Solution File, Format Version 12.00
# Visual Studio 15
VisualStudioVersion = 15.0.28010.2003
MinimumVisualStudioVersion = 10.0.40219.1
Project("{FAE04EC0-301F-11D3-BF4B-00C04F79EFBC}") = "HelloWorld", "HelloWorld\HelloWorld.csproj", "{623C75CC-B495-41D1-912B-F9914352642D}"
EndProject
Global
	GlobalSection(SolutionConfigurationPlatforms) = preSolution
		Debug|Any CPU = Debug|Any CPU
		Release|Any CPU = Release|Any CPU
	EndGlobalSection
	GlobalSection(ProjectConfigurationPlatforms) = postSolution
		{623C75CC-B495-41D1-912B-F9914352642D}.Debug|Any CPU.ActiveCfg = Debug|Any CPU
		{623C75CC-B495-41D1-912B-F9914352642D}.Debug|Any CPU.Build.0 = Debug|Any CPU
		{623C75CC-B495-41D1-912B-F9914352642D}.Release|Any CPU.ActiveCfg = Release|Any CPU
		{623C75CC-B495-41D1-912B-F9914352642D}.Release|Any CPU.Build.0 = Release|Any CPU
	EndGlobalSection
	GlobalSection(SolutionProperties) = preSolution
		HideSolutionNode = FALSE
	EndGlobalSection
	GlobalSection(ExtensibilityGlobals) = postSolution
		SolutionGuid = {22A405C1-6027-4091-BD53-441C31436069}
	EndGlobalSection
EndGlobal
